{
  "nodes": {
    "base16": {
      "inputs": {
        "fromYaml": "fromYaml"
      },
      "locked": {
        "lastModified": 1732200724,
        "narHash": "sha256-+R1BH5wHhfnycySb7Sy5KbYEaTJZWm1h+LW1OtyhiTs=",
        "owner": "SenchoPens",
        "repo": "base16.nix",
        "rev": "153d52373b0fb2d343592871009a286ec8837aec",
        "type": "github"
      },
      "original": {
        "owner": "SenchoPens",
        "repo": "base16.nix",
        "type": "github"
      }
    },
    "base16-fish": {
      "flake": false,
      "locked": {
        "lastModified": 1622559957,
        "narHash": "sha256-PebymhVYbL8trDVVXxCvZgc0S5VxI7I1Hv4RMSquTpA=",
        "owner": "tomyun",
        "repo": "base16-fish",
        "rev": "2f6dd973a9075dabccd26f1cded09508180bf5fe",
        "type": "github"
      },
      "original": {
        "owner": "tomyun",
        "repo": "base16-fish",
        "type": "github"
      }
    },
    "base16-helix": {
      "flake": false,
      "locked": {
        "lastModified": 1736852337,
        "narHash": "sha256-esD42YdgLlEh7koBrSqcT7p2fsMctPAcGl/+2sYJa2o=",
        "owner": "tinted-theming",
        "repo": "base16-helix",
        "rev": "03860521c40b0b9c04818f2218d9cc9efc21e7a5",
        "type": "github"
      },
      "original": {
        "owner": "tinted-theming",
        "repo": "base16-helix",
        "type": "github"
      }
    },
    "base16-vim": {
      "flake": false,
      "locked": {
        "lastModified": 1732806396,
        "narHash": "sha256-e0bpPySdJf0F68Ndanwm+KWHgQiZ0s7liLhvJSWDNsA=",
        "owner": "tinted-theming",
        "repo": "base16-vim",
        "rev": "577fe8125d74ff456cf942c733a85d769afe58b7",
        "type": "github"
      },
      "original": {
        "owner": "tinted-theming",
        "repo": "base16-vim",
        "rev": "577fe8125d74ff456cf942c733a85d769afe58b7",
        "type": "github"
      }
    },
    "devshell": {
      "inputs": {
        "nixpkgs": [
          "nixvim",
          "nixvim",
          "nixpkgs"
        ]
      },
      "locked": {
        "lastModified": 1735644329,
        "narHash": "sha256-tO3HrHriyLvipc4xr+Ewtdlo7wM1OjXNjlWRgmM7peY=",
        "owner": "numtide",
        "repo": "devshell",
        "rev": "f7795ede5b02664b57035b3b757876703e2c3eac",
        "type": "github"
      },
      "original": {
        "owner": "numtide",
        "repo": "devshell",
        "type": "github"
      }
    },
    "disko": {
      "inputs": {
        "nixpkgs": [
          "nixpkgs"
        ]
      },
      "locked": {
        "lastModified": 1743598667,
        "narHash": "sha256-ViE7NoFWytYO2uJONTAX35eGsvTYXNHjWALeHAg8OQY=",
        "owner": "nix-community",
        "repo": "disko",
        "rev": "329d3d7e8bc63dd30c39e14e6076db590a6eabe6",
        "type": "github"
      },
      "original": {
        "owner": "nix-community",
        "repo": "disko",
        "type": "github"
      }
    },
    "firefox-gnome-theme": {
      "flake": false,
      "locked": {
        "lastModified": 1741628778,
        "narHash": "sha256-RsvHGNTmO2e/eVfgYK7g+eYEdwwh7SbZa+gZkT24MEA=",
        "owner": "rafaelmardojai",
        "repo": "firefox-gnome-theme",
        "rev": "5a81d390bb64afd4e81221749ec4bffcbeb5fa80",
        "type": "github"
      },
      "original": {
        "owner": "rafaelmardojai",
        "repo": "firefox-gnome-theme",
        "type": "github"
      }
    },
    "flake-compat": {
      "locked": {
        "lastModified": 1733328505,
        "narHash": "sha256-NeCCThCEP3eCl2l/+27kNNK7QrwZB1IJCrXfrbv5oqU=",
        "rev": "ff81ac966bb2cae68946d5ed5fc4994f96d0ffec",
        "revCount": 69,
        "type": "tarball",
        "url": "https://api.flakehub.com/f/pinned/edolstra/flake-compat/1.1.0/01948eb7-9cba-704f-bbf3-3fa956735b52/source.tar.gz"
      },
      "original": {
        "type": "tarball",
        "url": "https://flakehub.com/f/edolstra/flake-compat/1.tar.gz"
      }
    },
    "flake-compat_2": {
      "locked": {
        "lastModified": 1733328505,
        "narHash": "sha256-NeCCThCEP3eCl2l/+27kNNK7QrwZB1IJCrXfrbv5oqU=",
        "owner": "edolstra",
        "repo": "flake-compat",
        "rev": "ff81ac966bb2cae68946d5ed5fc4994f96d0ffec",
        "type": "github"
      },
      "original": {
        "owner": "edolstra",
        "repo": "flake-compat",
        "type": "github"
      }
    },
    "flake-parts": {
      "inputs": {
        "nixpkgs-lib": "nixpkgs-lib"
      },
      "locked": {
        "lastModified": 1736143030,
        "narHash": "sha256-+hu54pAoLDEZT9pjHlqL9DNzWz0NbUn8NEAHP7PQPzU=",
        "owner": "hercules-ci",
        "repo": "flake-parts",
        "rev": "b905f6fc23a9051a6e1b741e1438dbfc0634c6de",
        "type": "github"
      },
      "original": {
        "owner": "hercules-ci",
        "repo": "flake-parts",
        "type": "github"
      }
    },
    "flake-parts_2": {
      "inputs": {
        "nixpkgs-lib": [
          "nixvim",
          "nixvim",
          "nixpkgs"
        ]
      },
      "locked": {
        "lastModified": 1736143030,
        "narHash": "sha256-+hu54pAoLDEZT9pjHlqL9DNzWz0NbUn8NEAHP7PQPzU=",
        "owner": "hercules-ci",
        "repo": "flake-parts",
        "rev": "b905f6fc23a9051a6e1b741e1438dbfc0634c6de",
        "type": "github"
      },
      "original": {
        "owner": "hercules-ci",
        "repo": "flake-parts",
        "type": "github"
      }
    },
    "flake-parts_3": {
      "inputs": {
        "nixpkgs-lib": [
          "stylix",
          "nur",
          "nixpkgs"
        ]
      },
      "locked": {
        "lastModified": 1733312601,
        "narHash": "sha256-4pDvzqnegAfRkPwO3wmwBhVi/Sye1mzps0zHWYnP88c=",
        "owner": "hercules-ci",
        "repo": "flake-parts",
        "rev": "205b12d8b7cd4802fbcb8e8ef6a0f1408781a4f9",
        "type": "github"
      },
      "original": {
        "owner": "hercules-ci",
        "repo": "flake-parts",
        "type": "github"
      }
    },
    "flake-utils": {
      "inputs": {
        "systems": "systems"
      },
      "locked": {
        "lastModified": 1731533236,
        "narHash": "sha256-l0KFg5HjrsfsO/JpG+r7fRrqm12kzFHyUHqHCVpMMbI=",
        "owner": "numtide",
        "repo": "flake-utils",
        "rev": "11707dc2f618dd54ca8739b309ec4fc024de578b",
        "type": "github"
      },
      "original": {
        "owner": "numtide",
        "repo": "flake-utils",
        "type": "github"
      }
    },
    "flake-utils_2": {
      "inputs": {
        "systems": [
          "stylix",
          "systems"
        ]
      },
      "locked": {
        "lastModified": 1731533236,
        "narHash": "sha256-l0KFg5HjrsfsO/JpG+r7fRrqm12kzFHyUHqHCVpMMbI=",
        "owner": "numtide",
        "repo": "flake-utils",
        "rev": "11707dc2f618dd54ca8739b309ec4fc024de578b",
        "type": "github"
      },
      "original": {
        "owner": "numtide",
        "repo": "flake-utils",
        "type": "github"
      }
    },
    "fromYaml": {
      "flake": false,
      "locked": {
        "lastModified": 1731966426,
        "narHash": "sha256-lq95WydhbUTWig/JpqiB7oViTcHFP8Lv41IGtayokA8=",
        "owner": "SenchoPens",
        "repo": "fromYaml",
        "rev": "106af9e2f715e2d828df706c386a685698f3223b",
        "type": "github"
      },
      "original": {
        "owner": "SenchoPens",
        "repo": "fromYaml",
        "type": "github"
      }
    },
    "git-hooks": {
      "inputs": {
        "flake-compat": [
          "nixvim",
          "nixvim",
          "flake-compat"
        ],
        "gitignore": "gitignore",
        "nixpkgs": [
          "nixvim",
          "nixvim",
          "nixpkgs"
        ]
      },
      "locked": {
        "lastModified": 1737465171,
        "narHash": "sha256-R10v2hoJRLq8jcL4syVFag7nIGE7m13qO48wRIukWNg=",
        "owner": "cachix",
        "repo": "git-hooks.nix",
        "rev": "9364dc02281ce2d37a1f55b6e51f7c0f65a75f17",
        "type": "github"
      },
      "original": {
        "owner": "cachix",
        "repo": "git-hooks.nix",
        "type": "github"
      }
    },
    "git-hooks_2": {
      "inputs": {
        "flake-compat": [
          "stylix",
          "flake-compat"
        ],
        "gitignore": "gitignore_2",
        "nixpkgs": [
          "stylix",
          "nixpkgs"
        ]
      },
      "locked": {
        "lastModified": 1741379162,
        "narHash": "sha256-srpAbmJapkaqGRE3ytf3bj4XshspVR5964OX5LfjDWc=",
        "owner": "cachix",
        "repo": "git-hooks.nix",
        "rev": "b5a62751225b2f62ff3147d0a334055ebadcd5cc",
        "type": "github"
      },
      "original": {
        "owner": "cachix",
        "repo": "git-hooks.nix",
        "type": "github"
      }
    },
    "gitignore": {
      "inputs": {
        "nixpkgs": [
          "nixvim",
          "nixvim",
          "git-hooks",
          "nixpkgs"
        ]
      },
      "locked": {
        "lastModified": 1709087332,
        "narHash": "sha256-HG2cCnktfHsKV0s4XW83gU3F57gaTljL9KNSuG6bnQs=",
        "owner": "hercules-ci",
        "repo": "gitignore.nix",
        "rev": "637db329424fd7e46cf4185293b9cc8c88c95394",
        "type": "github"
      },
      "original": {
        "owner": "hercules-ci",
        "repo": "gitignore.nix",
        "type": "github"
      }
    },
    "gitignore_2": {
      "inputs": {
        "nixpkgs": [
          "stylix",
          "git-hooks",
          "nixpkgs"
        ]
      },
      "locked": {
        "lastModified": 1709087332,
        "narHash": "sha256-HG2cCnktfHsKV0s4XW83gU3F57gaTljL9KNSuG6bnQs=",
        "owner": "hercules-ci",
        "repo": "gitignore.nix",
        "rev": "637db329424fd7e46cf4185293b9cc8c88c95394",
        "type": "github"
      },
      "original": {
        "owner": "hercules-ci",
        "repo": "gitignore.nix",
        "type": "github"
      }
    },
    "gnome-shell": {
      "flake": false,
      "locked": {
        "lastModified": 1732369855,
        "narHash": "sha256-JhUWbcYPjHO3Xs3x9/Z9RuqXbcp5yhPluGjwsdE2GMg=",
        "owner": "GNOME",
        "repo": "gnome-shell",
        "rev": "dadd58f630eeea41d645ee225a63f719390829dc",
        "type": "github"
      },
      "original": {
        "owner": "GNOME",
        "ref": "47.2",
        "repo": "gnome-shell",
        "type": "github"
      }
    },
    "home-manager": {
      "inputs": {
        "nixpkgs": [
          "nixpkgs"
        ]
      },
      "locked": {
        "lastModified": 1743607567,
        "narHash": "sha256-kTzKPDFmNzwO1cK4fiJgPB/iSw7HgBAmknRTeAPJAeI=",
        "owner": "nix-community",
        "repo": "home-manager",
        "rev": "49748c74cdbae03d70381f150b810f92617f23aa",
        "type": "github"
      },
      "original": {
        "owner": "nix-community",
        "repo": "home-manager",
        "type": "github"
      }
    },
    "home-manager_2": {
      "inputs": {
        "nixpkgs": [
          "nixvim",
          "nixvim",
          "nixpkgs"
        ]
      },
      "locked": {
        "lastModified": 1737968762,
        "narHash": "sha256-xiPARGKwocaMtv+U/rgi+h2g56CZZEmrcl7ldRaslq8=",
        "owner": "nix-community",
        "repo": "home-manager",
        "rev": "e1ae908bcc30af792b0bb0a52e53b03d2577255e",
        "type": "github"
      },
      "original": {
        "owner": "nix-community",
        "repo": "home-manager",
        "type": "github"
      }
    },
    "home-manager_3": {
      "inputs": {
        "nixpkgs": [
          "stylix",
          "nixpkgs"
        ]
      },
      "locked": {
        "lastModified": 1741635347,
        "narHash": "sha256-2aYfV44h18alHXopyfL4D9GsnpE5XlSVkp4MGe586VU=",
        "owner": "nix-community",
        "repo": "home-manager",
        "rev": "7fb8678716c158642ac42f9ff7a18c0800fea551",
        "type": "github"
      },
      "original": {
        "owner": "nix-community",
        "repo": "home-manager",
        "type": "github"
      }
    },
    "ixx": {
      "inputs": {
        "flake-utils": [
          "nixvim",
          "nixvim",
          "nuschtosSearch",
          "flake-utils"
        ],
        "nixpkgs": [
          "nixvim",
          "nixvim",
          "nuschtosSearch",
          "nixpkgs"
        ]
      },
      "locked": {
        "lastModified": 1729958008,
        "narHash": "sha256-EiOq8jF4Z/zQe0QYVc3+qSKxRK//CFHMB84aYrYGwEs=",
        "owner": "NuschtOS",
        "repo": "ixx",
        "rev": "9fd01aad037f345350eab2cd45e1946cc66da4eb",
        "type": "github"
      },
      "original": {
        "owner": "NuschtOS",
        "ref": "v0.0.6",
        "repo": "ixx",
        "type": "github"
      }
    },
    "minimal-tmux": {
      "inputs": {
        "nixpkgs": [
          "nixpkgs"
        ]
      },
      "locked": {
        "lastModified": 1730695632,
        "narHash": "sha256-JtbuSxWFR94HiUdQL9uIm2V/kwGz0gbVbqvYWmEncbc=",
        "owner": "niksingh710",
        "repo": "minimal-tmux-status",
        "rev": "d7188c1aeb1c7dd03230982445b7360f5e230131",
        "type": "github"
      },
      "original": {
        "owner": "niksingh710",
        "repo": "minimal-tmux-status",
        "type": "github"
      }
    },
    "nix-darwin": {
      "inputs": {
        "nixpkgs": [
          "nixvim",
          "nixvim",
          "nixpkgs"
        ]
      },
      "locked": {
        "lastModified": 1738033138,
        "narHash": "sha256-qlIM8A3bdL9c6PexhpS+QyZLO9y/8a3V75HVyJgDE5Q=",
        "owner": "lnl7",
        "repo": "nix-darwin",
        "rev": "349a74c66c596ef97ee97b4d80a3ca61227b6120",
        "type": "github"
      },
      "original": {
        "owner": "lnl7",
        "repo": "nix-darwin",
        "type": "github"
      }
    },
    "nixpkgs": {
      "locked": {
        "lastModified": 1743583204,
        "narHash": "sha256-F7n4+KOIfWrwoQjXrL2wD9RhFYLs2/GGe/MQY1sSdlE=",
        "owner": "nixos",
        "repo": "nixpkgs",
        "rev": "2c8d3f48d33929642c1c12cd243df4cc7d2ce434",
        "type": "github"
      },
      "original": {
        "owner": "nixos",
        "ref": "nixos-unstable",
        "repo": "nixpkgs",
        "type": "github"
      }
    },
    "nixpkgs-lib": {
      "locked": {
        "lastModified": 1735774519,
        "narHash": "sha256-CewEm1o2eVAnoqb6Ml+Qi9Gg/EfNAxbRx1lANGVyoLI=",
        "type": "tarball",
        "url": "https://github.com/NixOS/nixpkgs/archive/e9b51731911566bbf7e4895475a87fe06961de0b.tar.gz"
      },
      "original": {
        "type": "tarball",
        "url": "https://github.com/NixOS/nixpkgs/archive/e9b51731911566bbf7e4895475a87fe06961de0b.tar.gz"
      }
    },
    "nixpkgs_2": {
      "locked": {
        "lastModified": 1737942377,
        "narHash": "sha256-8Eo/jRAgT3CbAloyqOj6uPN1EqBvLI/Tv2g+RxHjkhU=",
        "owner": "NixOS",
        "repo": "nixpkgs",
        "rev": "88a55dffa4d44d294c74c298daf75824dc0aafb5",
        "type": "github"
      },
      "original": {
        "owner": "NixOS",
        "ref": "nixpkgs-unstable",
        "repo": "nixpkgs",
        "type": "github"
      }
    },
    "nixpkgs_3": {
      "locked": {
        "lastModified": 1743583204,
        "narHash": "sha256-F7n4+KOIfWrwoQjXrL2wD9RhFYLs2/GGe/MQY1sSdlE=",
        "owner": "NixOS",
        "repo": "nixpkgs",
        "rev": "2c8d3f48d33929642c1c12cd243df4cc7d2ce434",
        "type": "github"
      },
      "original": {
        "owner": "NixOS",
        "ref": "nixos-unstable",
        "repo": "nixpkgs",
        "type": "github"
      }
    },
    "nixpkgs_4": {
      "locked": {
        "lastModified": 1741513245,
        "narHash": "sha256-7rTAMNTY1xoBwz0h7ZMtEcd8LELk9R5TzBPoHuhNSCk=",
        "owner": "NixOS",
        "repo": "nixpkgs",
        "rev": "e3e32b642a31e6714ec1b712de8c91a3352ce7e1",
        "type": "github"
      },
      "original": {
        "owner": "NixOS",
        "ref": "nixos-unstable",
        "repo": "nixpkgs",
        "type": "github"
      }
    },
    "nixvim": {
      "inputs": {
        "flake-parts": "flake-parts",
        "nixpkgs": [
          "nixpkgs"
        ],
        "nixvim": "nixvim_2"
      },
      "locked": {
        "lastModified": 1743370055,
        "narHash": "sha256-1c0MYhkACXwswnryiNb1a3BRiUVKHlk5sX2lScoF1gk=",
        "owner": "Levizor",
        "repo": "nixvim",
        "rev": "ba92aa0c7184194b4f5c44bd75fda16104431806",
        "type": "github"
      },
      "original": {
        "owner": "Levizor",
        "repo": "nixvim",
        "type": "github"
      }
    },
    "nixvim_2": {
      "inputs": {
        "devshell": "devshell",
        "flake-compat": "flake-compat",
        "flake-parts": "flake-parts_2",
        "git-hooks": "git-hooks",
        "home-manager": "home-manager_2",
        "nix-darwin": "nix-darwin",
        "nixpkgs": "nixpkgs_2",
        "nuschtosSearch": "nuschtosSearch",
        "treefmt-nix": "treefmt-nix"
      },
      "locked": {
        "lastModified": 1738172358,
        "narHash": "sha256-ymUG0cDevhMgNIholJmWosZ3+6WTqO1J54U0ooJvtOk=",
        "owner": "nix-community",
        "repo": "nixvim",
        "rev": "1a5f1b43930807e1faa30c6fba814f8f2cfa3c37",
        "type": "github"
      },
      "original": {
        "owner": "nix-community",
        "repo": "nixvim",
        "type": "github"
      }
    },
    "nur": {
      "inputs": {
        "flake-parts": "flake-parts_3",
        "nixpkgs": [
          "stylix",
          "nixpkgs"
        ],
        "treefmt-nix": "treefmt-nix_2"
      },
      "locked": {
        "lastModified": 1741693509,
        "narHash": "sha256-emkxnsZstiJWmGACimyAYqIKz2Qz5We5h1oBVDyQjLw=",
        "owner": "nix-community",
        "repo": "NUR",
        "rev": "5479646b2574837f1899da78bdf9a48b75a9fb27",
        "type": "github"
      },
      "original": {
        "owner": "nix-community",
        "repo": "NUR",
        "type": "github"
      }
    },
    "nuschtosSearch": {
      "inputs": {
        "flake-utils": "flake-utils",
        "ixx": "ixx",
        "nixpkgs": [
          "nixvim",
          "nixvim",
          "nixpkgs"
        ]
      },
      "locked": {
        "lastModified": 1737924095,
        "narHash": "sha256-9RO/IlxiE7bpY7GYsdDMNB533PnDOBo9UvYyXXqlN4c=",
        "owner": "NuschtOS",
        "repo": "search",
        "rev": "5efc9c966bb9bdad07a3c28667eac38b758c6f18",
        "type": "github"
      },
      "original": {
        "owner": "NuschtOS",
        "repo": "search",
        "type": "github"
      }
    },
    "pipewire-screenaudio": {
      "inputs": {
        "nixpkgs": "nixpkgs_3"
      },
      "locked": {
        "lastModified": 1720719825,
        "narHash": "sha256-+StN4RWwuVHmGFHeDr815t8lTWmRNC16uGTx8jEffPw=",
        "owner": "IceDBorn",
        "repo": "pipewire-screenaudio",
        "rev": "bd404d0ee4b32fb797f2dcdeee3b6e773c06455c",
        "type": "github"
      },
      "original": {
        "owner": "IceDBorn",
        "repo": "pipewire-screenaudio",
        "type": "github"
      }
    },
    "root": {
      "inputs": {
        "disko": "disko",
        "home-manager": "home-manager",
        "minimal-tmux": "minimal-tmux",
        "nixpkgs": "nixpkgs",
        "nixvim": "nixvim",
        "pipewire-screenaudio": "pipewire-screenaudio",
        "stable": "stable",
        "stylix": "stylix"
      }
    },
    "stable": {
      "locked": {
        "lastModified": 1743501102,
        "narHash": "sha256-7PCBQ4aGVF8OrzMkzqtYSKyoQuU2jtpPi4lmABpe5X4=",
        "owner": "nixos",
        "repo": "nixpkgs",
        "rev": "02f2af8c8a8c3b2c05028936a1e84daefa1171d4",
        "type": "github"
      },
      "original": {
        "owner": "nixos",
        "ref": "nixos-24.11",
        "repo": "nixpkgs",
        "type": "github"
      }
    },
    "stylix": {
      "inputs": {
        "base16": "base16",
        "base16-fish": "base16-fish",
        "base16-helix": "base16-helix",
        "base16-vim": "base16-vim",
        "firefox-gnome-theme": "firefox-gnome-theme",
        "flake-compat": "flake-compat_2",
        "flake-utils": "flake-utils_2",
        "git-hooks": "git-hooks_2",
        "gnome-shell": "gnome-shell",
        "home-manager": "home-manager_3",
        "nixpkgs": "nixpkgs_4",
        "nur": "nur",
        "systems": "systems_2",
        "tinted-foot": "tinted-foot",
        "tinted-kitty": "tinted-kitty",
        "tinted-schemes": "tinted-schemes",
        "tinted-tmux": "tinted-tmux",
        "tinted-zed": "tinted-zed"
      },
      "locked": {
        "lastModified": 1743630094,
        "narHash": "sha256-irmHQhaHgq6iwHAuexgdqPA4X/254ss00zXPRcc8sZw=",
        "owner": "danth",
        "repo": "stylix",
        "rev": "194a91d0018daaf5bcfcea4702e6800426a82445",
        "type": "github"
      },
      "original": {
        "owner": "danth",
        "repo": "stylix",
        "type": "github"
      }
    },
    "systems": {
      "locked": {
        "lastModified": 1681028828,
        "narHash": "sha256-Vy1rq5AaRuLzOxct8nz4T6wlgyUR7zLU309k9mBC768=",
        "owner": "nix-systems",
        "repo": "default",
        "rev": "da67096a3b9bf56a91d16901293e51ba5b49a27e",
        "type": "github"
      },
      "original": {
        "owner": "nix-systems",
        "repo": "default",
        "type": "github"
      }
    },
    "systems_2": {
      "locked": {
        "lastModified": 1681028828,
        "narHash": "sha256-Vy1rq5AaRuLzOxct8nz4T6wlgyUR7zLU309k9mBC768=",
        "owner": "nix-systems",
        "repo": "default",
        "rev": "da67096a3b9bf56a91d16901293e51ba5b49a27e",
        "type": "github"
      },
      "original": {
        "owner": "nix-systems",
        "repo": "default",
        "type": "github"
      }
    },
    "tinted-foot": {
      "flake": false,
      "locked": {
        "lastModified": 1726913040,
        "narHash": "sha256-+eDZPkw7efMNUf3/Pv0EmsidqdwNJ1TaOum6k7lngDQ=",
        "owner": "tinted-theming",
        "repo": "tinted-foot",
        "rev": "fd1b924b6c45c3e4465e8a849e67ea82933fcbe4",
        "type": "github"
      },
      "original": {
        "owner": "tinted-theming",
        "repo": "tinted-foot",
        "rev": "fd1b924b6c45c3e4465e8a849e67ea82933fcbe4",
        "type": "github"
      }
    },
    "tinted-kitty": {
      "flake": false,
      "locked": {
        "lastModified": 1716423189,
        "narHash": "sha256-2xF3sH7UIwegn+2gKzMpFi3pk5DlIlM18+vj17Uf82U=",
        "owner": "tinted-theming",
        "repo": "tinted-kitty",
        "rev": "eb39e141db14baef052893285df9f266df041ff8",
        "type": "github"
      },
      "original": {
        "owner": "tinted-theming",
        "repo": "tinted-kitty",
        "rev": "eb39e141db14baef052893285df9f266df041ff8",
        "type": "github"
      }
    },
    "tinted-schemes": {
      "flake": false,
      "locked": {
        "lastModified": 1741468895,
        "narHash": "sha256-YKM1RJbL68Yp2vESBqeZQBjTETXo8mCTTzLZyckCfZk=",
        "owner": "tinted-theming",
        "repo": "schemes",
        "rev": "47c8c7726e98069cade5827e5fb2bfee02ce6991",
        "type": "github"
      },
      "original": {
        "owner": "tinted-theming",
        "repo": "schemes",
        "type": "github"
      }
    },
    "tinted-tmux": {
      "flake": false,
      "locked": {
        "lastModified": 1740877430,
        "narHash": "sha256-zWcCXgdC4/owfH/eEXx26y5BLzTrefjtSLFHWVD5KxU=",
        "owner": "tinted-theming",
        "repo": "tinted-tmux",
        "rev": "d48ee86394cbe45b112ba23ab63e33656090edb4",
        "type": "github"
      },
      "original": {
        "owner": "tinted-theming",
        "repo": "tinted-tmux",
        "type": "github"
      }
    },
    "tinted-zed": {
      "flake": false,
      "locked": {
        "lastModified": 1725758778,
        "narHash": "sha256-8P1b6mJWyYcu36WRlSVbuj575QWIFZALZMTg5ID/sM4=",
        "owner": "tinted-theming",
        "repo": "base16-zed",
        "rev": "122c9e5c0e6f27211361a04fae92df97940eccf9",
        "type": "github"
      },
      "original": {
        "owner": "tinted-theming",
        "repo": "base16-zed",
        "type": "github"
      }
    },
    "treefmt-nix": {
      "inputs": {
        "nixpkgs": [
          "nixvim",
          "nixvim",
          "nixpkgs"
        ]
      },
      "locked": {
        "lastModified": 1737483750,
        "narHash": "sha256-5An1wq5U8sNycOBBg3nsDDgpwBmR9liOpDGlhliA6Xo=",
        "owner": "numtide",
        "repo": "treefmt-nix",
        "rev": "f2cc121df15418d028a59c9737d38e3a90fbaf8f",
        "type": "github"
      },
      "original": {
        "owner": "numtide",
        "repo": "treefmt-nix",
        "type": "github"
      }
    },
    "treefmt-nix_2": {
      "inputs": {
        "nixpkgs": [
          "stylix",
          "nur",
          "nixpkgs"
        ]
      },
      "locked": {
        "lastModified": 1733222881,
        "narHash": "sha256-JIPcz1PrpXUCbaccEnrcUS8jjEb/1vJbZz5KkobyFdM=",
        "owner": "numtide",
        "repo": "treefmt-nix",
        "rev": "49717b5af6f80172275d47a418c9719a31a78b53",
        "type": "github"
      },
      "original": {
        "owner": "numtide",
        "repo": "treefmt-nix",
        "type": "github"
      }
    }
  },
  "root": "root",
  "version": 7
}
